
Microsoft Visual Studio Solution File, Format Version 12.00
# Visual Studio 15
VisualStudioVersion = 15.0.26124.0
MinimumVisualStudioVersion = 15.0.26124.0
Project("{2150E333-8FDC-42A3-9474-1A3956D46DE8}") = "src", "src", "{25AEE7F5-946C-41E0-8100-C6E295C5A067}"
EndProject
Project("{FAE04EC0-301F-11D3-BF4B-00C04F79EFBC}") = "Cube", "src\Cube\Cube.csproj", "{6EA494E4-CC5F-4FA2-9E65-3DE23F220CD5}"
EndProject
Project("{FAE04EC0-301F-11D3-BF4B-00C04F79EFBC}") = "Cube.Console", "src\Cube.Console\Cube.Console.csproj", "{10DF3BEC-4B1A-459C-9686-5833EA6496B8}"
EndProject
Global
	GlobalSection(SolutionConfigurationPlatforms) = preSolution
		Debug|Any CPU = Debug|Any CPU
		Debug|x64 = Debug|x64
		Debug|x86 = Debug|x86
		Release|Any CPU = Release|Any CPU
		Release|x64 = Release|x64
		Release|x86 = Release|x86
	EndGlobalSection
	GlobalSection(SolutionProperties) = preSolution
		HideSolutionNode = FALSE
	EndGlobalSection
	GlobalSection(ProjectConfigurationPlatforms) = postSolution
		{6EA494E4-CC5F-4FA2-9E65-3DE23F220CD5}.Debug|Any CPU.ActiveCfg = Debug|Any CPU
		{6EA494E4-CC5F-4FA2-9E65-3DE23F220CD5}.Debug|Any CPU.Build.0 = Debug|Any CPU
		{6EA494E4-CC5F-4FA2-9E65-3DE23F220CD5}.Debug|x64.ActiveCfg = Debug|Any CPU
		{6EA494E4-CC5F-4FA2-9E65-3DE23F220CD5}.Debug|x64.Build.0 = Debug|Any CPU
		{6EA494E4-CC5F-4FA2-9E65-3DE23F220CD5}.Debug|x86.ActiveCfg = Debug|Any CPU
		{6EA494E4-CC5F-4FA2-9E65-3DE23F220CD5}.Debug|x86.Build.0 = Debug|Any CPU
		{6EA494E4-CC5F-4FA2-9E65-3DE23F220CD5}.Release|Any CPU.ActiveCfg = Release|Any CPU
		{6EA494E4-CC5F-4FA2-9E65-3DE23F220CD5}.Release|Any CPU.Build.0 = Release|Any CPU
		{6EA494E4-CC5F-4FA2-9E65-3DE23F220CD5}.Release|x64.ActiveCfg = Release|Any CPU
		{6EA494E4-CC5F-4FA2-9E65-3DE23F220CD5}.Release|x64.Build.0 = Release|Any CPU
		{6EA494E4-CC5F-4FA2-9E65-3DE23F220CD5}.Release|x86.ActiveCfg = Release|Any CPU
		{6EA494E4-CC5F-4FA2-9E65-3DE23F220CD5}.Release|x86.Build.0 = Release|Any CPU
		{10DF3BEC-4B1A-459C-9686-5833EA6496B8}.Debug|Any CPU.ActiveCfg = Debug|Any CPU
		{10DF3BEC-4B1A-459C-9686-5833EA6496B8}.Debug|Any CPU.Build.0 = Debug|Any CPU
		{10DF3BEC-4B1A-459C-9686-5833EA6496B8}.Debug|x64.ActiveCfg = Debug|Any CPU
		{10DF3BEC-4B1A-459C-9686-5833EA6496B8}.Debug|x64.Build.0 = Debug|Any CPU
		{10DF3BEC-4B1A-459C-9686-5833EA6496B8}.Debug|x86.ActiveCfg = Debug|Any CPU
		{10DF3BEC-4B1A-459C-9686-5833EA6496B8}.Debug|x86.Build.0 = Debug|Any CPU
		{10DF3BEC-4B1A-459C-9686-5833EA6496B8}.Release|Any CPU.ActiveCfg = Release|Any CPU
		{10DF3BEC-4B1A-459C-9686-5833EA6496B8}.Release|Any CPU.Build.0 = Release|Any CPU
		{10DF3BEC-4B1A-459C-9686-5833EA6496B8}.Release|x64.ActiveCfg = Release|Any CPU
		{10DF3BEC-4B1A-459C-9686-5833EA6496B8}.Release|x64.Build.0 = Release|Any CPU
		{10DF3BEC-4B1A-459C-9686-5833EA6496B8}.Release|x86.ActiveCfg = Release|Any CPU
		{10DF3BEC-4B1A-459C-9686-5833EA6496B8}.Release|x86.Build.0 = Release|Any CPU
	EndGlobalSection
	GlobalSection(NestedProjects) = preSolution
		{6EA494E4-CC5F-4FA2-9E65-3DE23F220CD5} = {25AEE7F5-946C-41E0-8100-C6E295C5A067}
		{10DF3BEC-4B1A-459C-9686-5833EA6496B8} = {25AEE7F5-946C-41E0-8100-C6E295C5A067}
	EndGlobalSection
EndGlobal
